// !$*UTF8*$!
{
	archiveVersion = 1;
	classes = {
	};
	objectVersion = 56;
	objects = {

/* Begin PBXBuildFile section */
		3911F93B29B33CFD00C00650 /* AppDelegate.swift in Sources */ = {isa = PBXBuildFile; fileRef = 3911F93A29B33CFD00C00650 /* AppDelegate.swift */; };
		3911F93D29B33CFD00C00650 /* SceneDelegate.swift in Sources */ = {isa = PBXBuildFile; fileRef = 3911F93C29B33CFD00C00650 /* SceneDelegate.swift */; };
		3911F93F29B33CFD00C00650 /* ViewController.swift in Sources */ = {isa = PBXBuildFile; fileRef = 3911F93E29B33CFD00C00650 /* ViewController.swift */; };
		3911F94429B33CFD00C00650 /* Assets.xcassets in Resources */ = {isa = PBXBuildFile; fileRef = 3911F94329B33CFD00C00650 /* Assets.xcassets */; };
		3911F94729B33CFD00C00650 /* LaunchScreen.storyboard in Resources */ = {isa = PBXBuildFile; fileRef = 3911F94529B33CFD00C00650 /* LaunchScreen.storyboard */; };
		3911F95029B33D7C00C00650 /* SnapKit in Frameworks */ = {isa = PBXBuildFile; productRef = 3911F94F29B33D7C00C00650 /* SnapKit */; };
		3911F95329B33D8E00C00650 /* SwiftEntryKit in Frameworks */ = {isa = PBXBuildFile; productRef = 3911F95229B33D8E00C00650 /* SwiftEntryKit */; };
		3911F95729B33DE100C00650 /* SwiftEntryKitViewController.swift in Sources */ = {isa = PBXBuildFile; fileRef = 3911F95629B33DE100C00650 /* SwiftEntryKitViewController.swift */; };
/* End PBXBuildFile section */

/* Begin PBXFileReference section */
		3911F93729B33CFD00C00650 /* LibraryTester.app */ = {isa = PBXFileReference; explicitFileType = wrapper.application; includeInIndex = 0; path = LibraryTester.app; sourceTree = BUILT_PRODUCTS_DIR; };
		3911F93A29B33CFD00C00650 /* AppDelegate.swift */ = {isa = PBXFileReference; lastKnownFileType = sourcecode.swift; path = AppDelegate.swift; sourceTree = "<group>"; };
		3911F93C29B33CFD00C00650 /* SceneDelegate.swift */ = {isa = PBXFileReference; lastKnownFileType = sourcecode.swift; path = SceneDelegate.swift; sourceTree = "<group>"; };
		3911F93E29B33CFD00C00650 /* ViewController.swift */ = {isa = PBXFileReference; lastKnownFileType = sourcecode.swift; path = ViewController.swift; sourceTree = "<group>"; };
		3911F94329B33CFD00C00650 /* Assets.xcassets */ = {isa = PBXFileReference; lastKnownFileType = folder.assetcatalog; path = Assets.xcassets; sourceTree = "<group>"; };
		3911F94629B33CFD00C00650 /* Base */ = {isa = PBXFileReference; lastKnownFileType = file.storyboard; name = Base; path = Base.lproj/LaunchScreen.storyboard; sourceTree = "<group>"; };
		3911F94829B33CFD00C00650 /* Info.plist */ = {isa = PBXFileReference; lastKnownFileType = text.plist.xml; path = Info.plist; sourceTree = "<group>"; };
		3911F95629B33DE100C00650 /* SwiftEntryKitViewController.swift */ = {isa = PBXFileReference; lastKnownFileType = sourcecode.swift; path = SwiftEntryKitViewController.swift; sourceTree = "<group>"; };
/* End PBXFileReference section */

/* Begin PBXFrameworksBuildPhase section */
		3911F93429B33CFD00C00650 /* Frameworks */ = {
			isa = PBXFrameworksBuildPhase;
			buildActionMask = 2147483647;
			files = (
				3911F95329B33D8E00C00650 /* SwiftEntryKit in Frameworks */,
				3911F95029B33D7C00C00650 /* SnapKit in Frameworks */,
			);
			runOnlyForDeploymentPostprocessing = 0;
		};
/* End PBXFrameworksBuildPhase section */

/* Begin PBXGroup section */
		3911F92E29B33CFD00C00650 = {
			isa = PBXGroup;
			children = (
				3911F93929B33CFD00C00650 /* LibraryTester */,
				3911F93829B33CFD00C00650 /* Products */,
			);
			sourceTree = "<group>";
		};
		3911F93829B33CFD00C00650 /* Products */ = {
			isa = PBXGroup;
			children = (
				3911F93729B33CFD00C00650 /* LibraryTester.app */,
			);
			name = Products;
			sourceTree = "<group>";
		};
		3911F93929B33CFD00C00650 /* LibraryTester */ = {
			isa = PBXGroup;
			children = (
				3911F93A29B33CFD00C00650 /* AppDelegate.swift */,
				3911F93C29B33CFD00C00650 /* SceneDelegate.swift */,
				3911F93E29B33CFD00C00650 /* ViewController.swift */,
				3911F95529B33DB300C00650 /* SwiftEntryKit */,
				3911F94329B33CFD00C00650 /* Assets.xcassets */,
				3911F94529B33CFD00C00650 /* LaunchScreen.storyboard */,
				3911F94829B33CFD00C00650 /* Info.plist */,
			);
			path = LibraryTester;
			sourceTree = "<group>";
		};
		3911F95529B33DB300C00650 /* SwiftEntryKit */ = {
			isa = PBXGroup;
			children = (
				3911F95629B33DE100C00650 /* SwiftEntryKitViewController.swift */,
			);
			path = SwiftEntryKit;
			sourceTree = "<group>";
		};
/* End PBXGroup section */

/* Begin PBXNativeTarget section */
		3911F93629B33CFD00C00650 /* LibraryTester */ = {
			isa = PBXNativeTarget;
			buildConfigurationList = 3911F94B29B33CFD00C00650 /* Build configuration list for PBXNativeTarget "LibraryTester" */;
			buildPhases = (
				3911F93329B33CFD00C00650 /* Sources */,
				3911F93429B33CFD00C00650 /* Frameworks */,
				3911F93529B33CFD00C00650 /* Resources */,
			);
			buildRules = (
			);
			dependencies = (
			);
			name = LibraryTester;
			packageProductDependencies = (
				3911F94F29B33D7C00C00650 /* SnapKit */,
				3911F95229B33D8E00C00650 /* SwiftEntryKit */,
			);
			productName = LibraryTester;
			productReference = 3911F93729B33CFD00C00650 /* LibraryTester.app */;
			productType = "com.apple.product-type.application";
		};
/* End PBXNativeTarget section */

/* Begin PBXProject section */
		3911F92F29B33CFD00C00650 /* Project object */ = {
			isa = PBXProject;
			attributes = {
				BuildIndependentTargetsInParallel = 1;
				LastSwiftUpdateCheck = 1420;
				LastUpgradeCheck = 1420;
				TargetAttributes = {
					3911F93629B33CFD00C00650 = {
						CreatedOnToolsVersion = 14.2;
					};
				};
			};
			buildConfigurationList = 3911F93229B33CFD00C00650 /* Build configuration list for PBXProject "LibraryTester" */;
			compatibilityVersion = "Xcode 14.0";
			developmentRegion = en;
			hasScannedForEncodings = 0;
			knownRegions = (
				en,
				Base,
			);
			mainGroup = 3911F92E29B33CFD00C00650;
			packageReferences = (
				3911F94E29B33D7C00C00650 /* XCRemoteSwiftPackageReference "SnapKit" */,
				3911F95129B33D8E00C00650 /* XCRemoteSwiftPackageReference "SwiftEntryKit" */,
			);
			productRefGroup = 3911F93829B33CFD00C00650 /* Products */;
			projectDirPath = "";
			projectRoot = "";
			targets = (
				3911F93629B33CFD00C00650 /* LibraryTester */,
			);
		};
/* End PBXProject section */

/* Begin PBXResourcesBuildPhase section */
		3911F93529B33CFD00C00650 /* Resources */ = {
			isa = PBXResourcesBuildPhase;
			buildActionMask = 2147483647;
			files = (
				3911F94729B33CFD00C00650 /* LaunchScreen.storyboard in Resources */,
				3911F94429B33CFD00C00650 /* Assets.xcassets in Resources */,
			);
			runOnlyForDeploymentPostprocessing = 0;
		};
/* End PBXResourcesBuildPhase section */

/* Begin PBXSourcesBuildPhase section */
		3911F93329B33CFD00C00650 /* Sources */ = {
			isa = PBXSourcesBuildPhase;
			buildActionMask = 2147483647;
			files = (
				3911F93F29B33CFD00C00650 /* ViewController.swift in Sources */,
				3911F93B29B33CFD00C00650 /* AppDelegate.swift in Sources */,
				3911F95729B33DE100C00650 /* SwiftEntryKitViewController.swift in Sources */,
				3911F93D29B33CFD00C00650 /* SceneDelegate.swift in Sources */,
			);
			runOnlyForDeploymentPostprocessing = 0;
		};
/* End PBXSourcesBuildPhase section */

/* Begin PBXVariantGroup section */
		3911F94529B33CFD00C00650 /* LaunchScreen.storyboard */ = {
			isa = PBXVariantGroup;
			children = (
				3911F94629B33CFD00C00650 /* Base */,
			);
			name = LaunchScreen.storyboard;
			sourceTree = "<group>";
		};
/* End PBXVariantGroup section */

/* Begin XCBuildConfiguration section */
		3911F94929B33CFD00C00650 /* Debug */ = {
			isa = XCBuildConfiguration;
			buildSettings = {
				ALWAYS_SEARCH_USER_PATHS = NO;
				CLANG_ANALYZER_NONNULL = YES;
				CLANG_ANALYZER_NUMBER_OBJECT_CONVERSION = YES_AGGRESSIVE;
				CLANG_CXX_LANGUAGE_STANDARD = "gnu++20";
				CLANG_ENABLE_MODULES = YES;
				CLANG_ENABLE_OBJC_ARC = YES;
				CLANG_ENABLE_OBJC_WEAK = YES;
				CLANG_WARN_BLOCK_CAPTURE_AUTORELEASING = YES;
				CLANG_WARN_BOOL_CONVERSION = YES;
				CLANG_WARN_COMMA = YES;
				CLANG_WARN_CONSTANT_CONVERSION = YES;
				CLANG_WARN_DEPRECATED_OBJC_IMPLEMENTATIONS = YES;
				CLANG_WARN_DIRECT_OBJC_ISA_USAGE = YES_ERROR;
				CLANG_WARN_DOCUMENTATION_COMMENTS = YES;
				CLANG_WARN_EMPTY_BODY = YES;
				CLANG_WARN_ENUM_CONVERSION = YES;
				CLANG_WARN_INFINITE_RECURSION = YES;
				CLANG_WARN_INT_CONVERSION = YES;
				CLANG_WARN_NON_LITERAL_NULL_CONVERSION = YES;
				CLANG_WARN_OBJC_IMPLICIT_RETAIN_SELF = YES;
				CLANG_WARN_OBJC_LITERAL_CONVERSION = YES;
				CLANG_WARN_OBJC_ROOT_CLASS = YES_ERROR;
				CLANG_WARN_QUOTED_INCLUDE_IN_FRAMEWORK_HEADER = YES;
				CLANG_WARN_RANGE_LOOP_ANALYSIS = YES;
				CLANG_WARN_STRICT_PROTOTYPES = YES;
				CLANG_WARN_SUSPICIOUS_MOVE = YES;
				CLANG_WARN_UNGUARDED_AVAILABILITY = YES_AGGRESSIVE;
				CLANG_WARN_UNREACHABLE_CODE = YES;
				CLANG_WARN__DUPLICATE_METHOD_MATCH = YES;
				COPY_PHASE_STRIP = NO;
				DEBUG_INFORMATION_FORMAT = dwarf;
				ENABLE_STRICT_OBJC_MSGSEND = YES;
				ENABLE_TESTABILITY = YES;
				GCC_C_LANGUAGE_STANDARD = gnu11;
				GCC_DYNAMIC_NO_PIC = NO;
				GCC_NO_COMMON_BLOCKS = YES;
				GCC_OPTIMIZATION_LEVEL = 0;
				GCC_PREPROCESSOR_DEFINITIONS = (
					"DEBUG=1",
					"$(inherited)",
				);
				GCC_WARN_64_TO_32_BIT_CONVERSION = YES;
				GCC_WARN_ABOUT_RETURN_TYPE = YES_ERROR;
				GCC_WARN_UNDECLARED_SELECTOR = YES;
				GCC_WARN_UNINITIALIZED_AUTOS = YES_AGGRESSIVE;
				GCC_WARN_UNUSED_FUNCTION = YES;
				GCC_WARN_UNUSED_VARIABLE = YES;
				IPHONEOS_DEPLOYMENT_TARGET = 16.2;
				MTL_ENABLE_DEBUG_INFO = INCLUDE_SOURCE;
				MTL_FAST_MATH = YES;
				ONLY_ACTIVE_ARCH = YES;
				SDKROOT = iphoneos;
				SWIFT_ACTIVE_COMPILATION_CONDITIONS = DEBUG;
				SWIFT_OPTIMIZATION_LEVEL = "-Onone";
			};
			name = Debug;
		};
		3911F94A29B33CFD00C00650 /* Release */ = {
			isa = XCBuildConfiguration;
			buildSettings = {
				ALWAYS_SEARCH_USER_PATHS = NO;
				CLANG_ANALYZER_NONNULL = YES;
				CLANG_ANALYZER_NUMBER_OBJECT_CONVERSION = YES_AGGRESSIVE;
				CLANG_CXX_LANGUAGE_STANDARD = "gnu++20";
				CLANG_ENABLE_MODULES = YES;
				CLANG_ENABLE_OBJC_ARC = YES;
				CLANG_ENABLE_OBJC_WEAK = YES;
				CLANG_WARN_BLOCK_CAPTURE_AUTORELEASING = YES;
				CLANG_WARN_BOOL_CONVERSION = YES;
				CLANG_WARN_COMMA = YES;
				CLANG_WARN_CONSTANT_CONVERSION = YES;
				CLANG_WARN_DEPRECATED_OBJC_IMPLEMENTATIONS = YES;
				CLANG_WARN_DIRECT_OBJC_ISA_USAGE = YES_ERROR;
				CLANG_WARN_DOCUMENTATION_COMMENTS = YES;
				CLANG_WARN_EMPTY_BODY = YES;
				CLANG_WARN_ENUM_CONVERSION = YES;
				CLANG_WARN_INFINITE_RECURSION = YES;
				CLANG_WARN_INT_CONVERSION = YES;
				CLANG_WARN_NON_LITERAL_NULL_CONVERSION = YES;
				CLANG_WARN_OBJC_IMPLICIT_RETAIN_SELF = YES;
				CLANG_WARN_OBJC_LITERAL_CONVERSION = YES;
				CLANG_WARN_OBJC_ROOT_CLASS = YES_ERROR;
				CLANG_WARN_QUOTED_INCLUDE_IN_FRAMEWORK_HEADER = YES;
				CLANG_WARN_RANGE_LOOP_ANALYSIS = YES;
				CLANG_WARN_STRICT_PROTOTYPES = YES;
				CLANG_WARN_SUSPICIOUS_MOVE = YES;
				CLANG_WARN_UNGUARDED_AVAILABILITY = YES_AGGRESSIVE;
				CLANG_WARN_UNREACHABLE_CODE = YES;
				CLANG_WARN__DUPLICATE_METHOD_MATCH = YES;
				COPY_PHASE_STRIP = NO;
				DEBUG_INFORMATION_FORMAT = "dwarf-with-dsym";
				ENABLE_NS_ASSERTIONS = NO;
				ENABLE_STRICT_OBJC_MSGSEND = YES;
				GCC_C_LANGUAGE_STANDARD = gnu11;
				GCC_NO_COMMON_BLOCKS = YES;
				GCC_WARN_64_TO_32_BIT_CONVERSION = YES;
				GCC_WARN_ABOUT_RETURN_TYPE = YES_ERROR;
				GCC_WARN_UNDECLARED_SELECTOR = YES;
				GCC_WARN_UNINITIALIZED_AUTOS = YES_AGGRESSIVE;
				GCC_WARN_UNUSED_FUNCTION = YES;
				GCC_WARN_UNUSED_VARIABLE = YES;
				IPHONEOS_DEPLOYMENT_TARGET = 16.2;
				MTL_ENABLE_DEBUG_INFO = NO;
				MTL_FAST_MATH = YES;
				SDKROOT = iphoneos;
				SWIFT_COMPILATION_MODE = wholemodule;
				SWIFT_OPTIMIZATION_LEVEL = "-O";
				VALIDATE_PRODUCT = YES;
			};
			name = Release;
		};
		3911F94C29B33CFD00C00650 /* Debug */ = {
			isa = XCBuildConfiguration;
			buildSettings = {
				ASSETCATALOG_COMPILER_APPICON_NAME = AppIcon;
				ASSETCATALOG_COMPILER_GLOBAL_ACCENT_COLOR_NAME = AccentColor;
				CODE_SIGN_STYLE = Automatic;
				CURRENT_PROJECT_VERSION = 1;
				DEVELOPMENT_TEAM = ZH5GA3W8UP;
				GENERATE_INFOPLIST_FILE = YES;
				INFOPLIST_FILE = LibraryTester/Info.plist;
				INFOPLIST_KEY_UIApplicationSupportsIndirectInputEvents = YES;
				INFOPLIST_KEY_UILaunchStoryboardName = LaunchScreen;
				INFOPLIST_KEY_UISupportedInterfaceOrientations_iPad = "UIInterfaceOrientationPortrait UIInterfaceOrientationPortraitUpsideDown UIInterfaceOrientationLandscapeLeft UIInterfaceOrientationLandscapeRight";
				INFOPLIST_KEY_UISupportedInterfaceOrientations_iPhone = "UIInterfaceOrientationPortrait UIInterfaceOrientationLandscapeLeft UIInterfaceOrientationLandscapeRight";
				LD_RUNPATH_SEARCH_PATHS = (
					"$(inherited)",
					"@executable_path/Frameworks",
				);
				MARKETING_VERSION = 1.0;
				PRODUCT_BUNDLE_IDENTIFIER = dev.heon.LibraryTester;
				PRODUCT_NAME = "$(TARGET_NAME)";
				SWIFT_EMIT_LOC_STRINGS = YES;
				SWIFT_VERSION = 5.0;
				TARGETED_DEVICE_FAMILY = "1,2";
			};
			name = Debug;
		};
		3911F94D29B33CFD00C00650 /* Release */ = {
			isa = XCBuildConfiguration;
			buildSettings = {
				ASSETCATALOG_COMPILER_APPICON_NAME = AppIcon;
				ASSETCATALOG_COMPILER_GLOBAL_ACCENT_COLOR_NAME = AccentColor;
				CODE_SIGN_STYLE = Automatic;
				CURRENT_PROJECT_VERSION = 1;
				DEVELOPMENT_TEAM = ZH5GA3W8UP;
				GENERATE_INFOPLIST_FILE = YES;
				INFOPLIST_FILE = LibraryTester/Info.plist;
				INFOPLIST_KEY_UIApplicationSupportsIndirectInputEvents = YES;
				INFOPLIST_KEY_UILaunchStoryboardName = LaunchScreen;
				INFOPLIST_KEY_UISupportedInterfaceOrientations_iPad = "UIInterfaceOrientationPortrait UIInterfaceOrientationPortraitUpsideDown UIInterfaceOrientationLandscapeLeft UIInterfaceOrientationLandscapeRight";
				INFOPLIST_KEY_UISupportedInterfaceOrientations_iPhone = "UIInterfaceOrientationPortrait UIInterfaceOrientationLandscapeLeft UIInterfaceOrientationLandscapeRight";
				LD_RUNPATH_SEARCH_PATHS = (
					"$(inherited)",
					"@executable_path/Frameworks",
				);
				MARKETING_VERSION = 1.0;
				PRODUCT_BUNDLE_IDENTIFIER = dev.heon.LibraryTester;
				PRODUCT_NAME = "$(TARGET_NAME)";
				SWIFT_EMIT_LOC_STRINGS = YES;
				SWIFT_VERSION = 5.0;
				TARGETED_DEVICE_FAMILY = "1,2";
			};
			name = Release;
		};
/* End XCBuildConfiguration section */

/* Begin XCConfigurationList section */
		3911F93229B33CFD00C00650 /* Build configuration list for PBXProject "LibraryTester" */ = {
			isa = XCConfigurationList;
			buildConfigurations = (
				3911F94929B33CFD00C00650 /* Debug */,
				3911F94A29B33CFD00C00650 /* Release */,
			);
			defaultConfigurationIsVisible = 0;
			defaultConfigurationName = Release;
		};
		3911F94B29B33CFD00C00650 /* Build configuration list for PBXNativeTarget "LibraryTester" */ = {
			isa = XCConfigurationList;
			buildConfigurations = (
				3911F94C29B33CFD00C00650 /* Debug */,
				3911F94D29B33CFD00C00650 /* Release */,
			);
			defaultConfigurationIsVisible = 0;
			defaultConfigurationName = Release;
		};
/* End XCConfigurationList section */

/* Begin XCRemoteSwiftPackageReference section */
		3911F94E29B33D7C00C00650 /* XCRemoteSwiftPackageReference "SnapKit" */ = {
			isa = XCRemoteSwiftPackageReference;
			repositoryURL = "https://github.com/SnapKit/SnapKit.git";
			requirement = {
				kind = upToNextMinorVersion;
				minimumVersion = 5.6.0;
			};
		};
		3911F95129B33D8E00C00650 /* XCRemoteSwiftPackageReference "SwiftEntryKit" */ = {
			isa = XCRemoteSwiftPackageReference;
			repositoryURL = "https://github.com/huri000/SwiftEntryKit.git";
			requirement = {
				kind = upToNextMinorVersion;
				minimumVersion = 2.0.0;
			};
		};
/* End XCRemoteSwiftPackageReference section */

/* Begin XCSwiftPackageProductDependency section */
		3911F94F29B33D7C00C00650 /* SnapKit */ = {
			isa = XCSwiftPackageProductDependency;
			package = 3911F94E29B33D7C00C00650 /* XCRemoteSwiftPackageReference "SnapKit" */;
			productName = SnapKit;
		};
		3911F95229B33D8E00C00650 /* SwiftEntryKit */ = {
			isa = XCSwiftPackageProductDependency;
			package = 3911F95129B33D8E00C00650 /* XCRemoteSwiftPackageReference "SwiftEntryKit" */;
			productName = SwiftEntryKit;
		};
/* End XCSwiftPackageProductDependency section */
	};
	rootObject = 3911F92F29B33CFD00C00650 /* Project object */;
}
